{
  "version": 4,
  "terraform_version": "0.13.5",
  "serial": 13,
  "lineage": "3d045adb-4d87-b187-4b03-005e0721dd4f",
  "outputs": {},
  "resources": [
    {
      "mode": "managed",
      "type": "aws_route53_zone",
      "name": "zone",
      "provider": "provider[\"registry.terraform.io/hashicorp/aws\"]",
      "instances": [
        {
          "schema_version": 0,
          "attributes": {
            "comment": "HostedZone created by Route53 Registrar",
            "delegation_set_id": "",
            "force_destroy": null,
            "id": "Z03884901QXJL6DXUPELK",
            "name": "thorney.me",
            "name_servers": [
              "ns-1013.awsdns-62.net",
              "ns-1059.awsdns-04.org",
              "ns-113.awsdns-14.com",
              "ns-1630.awsdns-11.co.uk"
            ],
            "tags": {},
            "vpc": [],
            "zone_id": "Z03884901QXJL6DXUPELK"
          },
          "private": "eyJzY2hlbWFfdmVyc2lvbiI6IjAifQ=="
        }
      ]
    }
  ]
}
