{
  "version": 4,
  "terraform_version": "0.13.5",
  "serial": 229,
  "lineage": "3d045adb-4d87-b187-4b03-005e0721dd4f",
  "outputs": {},
  "resources": [
    {
      "mode": "managed",
      "type": "aws_acm_certificate",
      "name": "cert",
      "provider": "provider[\"registry.terraform.io/hashicorp/aws\"]",
      "instances": [
        {
          "schema_version": 0,
          "attributes": {
            "arn": "arn:aws:acm:us-east-1:465562607938:certificate/40f69faf-a626-4ab2-8d8a-ee45e64aa741",
            "certificate_authority_arn": "",
            "certificate_body": null,
            "certificate_chain": null,
            "domain_name": "thorney.me",
            "domain_validation_options": [
              {
                "domain_name": "*.thorney.me",
                "resource_record_name": "_cc73dd32944bd829fac0dc65e8e6c020.thorney.me.",
                "resource_record_type": "CNAME",
                "resource_record_value": "_488dc10280f896899b2e4bdaa656b0aa.zbkrxsrfvj.acm-validations.aws."
              },
              {
                "domain_name": "thorney.me",
                "resource_record_name": "_cc73dd32944bd829fac0dc65e8e6c020.thorney.me.",
                "resource_record_type": "CNAME",
                "resource_record_value": "_488dc10280f896899b2e4bdaa656b0aa.zbkrxsrfvj.acm-validations.aws."
              }
            ],
            "id": "arn:aws:acm:us-east-1:465562607938:certificate/40f69faf-a626-4ab2-8d8a-ee45e64aa741",
            "options": [
              {
                "certificate_transparency_logging_preference": "ENABLED"
              }
            ],
            "private_key": null,
            "status": "ISSUED",
            "subject_alternative_names": [
              "*.thorney.me"
            ],
            "tags": {},
            "tags_all": {},
            "validation_emails": [],
            "validation_method": "DNS"
          },
          "private": "bnVsbA==",
          "create_before_destroy": true
        }
      ]
    },
    {
      "mode": "managed",
      "type": "aws_acm_certificate_validation",
      "name": "cert_validation",
      "provider": "provider[\"registry.terraform.io/hashicorp/aws\"]",
      "instances": [
        {
          "schema_version": 0,
          "attributes": {
            "certificate_arn": "arn:aws:acm:us-east-1:465562607938:certificate/40f69faf-a626-4ab2-8d8a-ee45e64aa741",
            "id": "2020-11-07 03:03:11 +0000 UTC",
            "timeouts": null,
            "validation_record_fqdns": [
              "_cc73dd32944bd829fac0dc65e8e6c020.thorney.me"
            ]
          },
          "private": "eyJlMmJmYjczMC1lY2FhLTExZTYtOGY4OC0zNDM2M2JjN2M0YzAiOnsiY3JlYXRlIjoyNzAwMDAwMDAwMDAwfX0=",
          "dependencies": [
            "aws_acm_certificate.cert",
            "aws_route53_record.cert_record",
            "aws_route53_zone.zone"
          ]
        }
      ]
    },
    {
      "mode": "managed",
      "type": "aws_apigatewayv2_api",
      "name": "api",
      "provider": "provider[\"registry.terraform.io/hashicorp/aws\"]",
      "instances": [
        {
          "schema_version": 0,
          "attributes": {
            "api_endpoint": "https://3b83e40z07.execute-api.us-east-1.amazonaws.com",
            "api_key_selection_expression": "$request.header.x-api-key",
            "arn": "arn:aws:apigateway:us-east-1::/apis/3b83e40z07",
            "body": null,
            "cors_configuration": [
              {
                "allow_credentials": false,
                "allow_headers": [],
                "allow_methods": [
                  "GET",
                  "POST"
                ],
                "allow_origins": [
                  "*"
                ],
                "expose_headers": [],
                "max_age": 0
              }
            ],
            "credentials_arn": null,
            "description": "API to proxy to external services",
            "disable_execute_api_endpoint": false,
            "execution_arn": "arn:aws:execute-api:us-east-1:465562607938:3b83e40z07",
            "fail_on_warnings": null,
            "id": "3b83e40z07",
            "name": "Home Finder API",
            "protocol_type": "HTTP",
            "route_key": null,
            "route_selection_expression": "$request.method $request.path",
            "tags": {},
            "tags_all": {},
            "target": null,
            "version": ""
          },
          "private": "bnVsbA=="
        }
      ]
    },
    {
      "mode": "managed",
      "type": "aws_apigatewayv2_api_mapping",
      "name": "api_mapping",
      "provider": "provider[\"registry.terraform.io/hashicorp/aws\"]",
      "instances": [
        {
          "schema_version": 0,
          "attributes": {
            "api_id": "3b83e40z07",
            "api_mapping_key": "",
            "domain_name": "gateway.thorney.me",
            "id": "n4onub",
            "stage": "prod"
          },
          "private": "bnVsbA==",
          "dependencies": [
            "aws_apigatewayv2_api.api",
            "aws_apigatewayv2_domain_name.api_domain",
            "aws_apigatewayv2_stage.api_stage"
          ]
        }
      ]
    },
    {
      "mode": "managed",
      "type": "aws_apigatewayv2_domain_name",
      "name": "api_domain",
      "provider": "provider[\"registry.terraform.io/hashicorp/aws\"]",
      "instances": [
        {
          "schema_version": 0,
          "attributes": {
            "api_mapping_selection_expression": "$request.basepath",
            "arn": "arn:aws:apigateway:us-east-1::/domainnames/gateway.thorney.me",
            "domain_name": "gateway.thorney.me",
            "domain_name_configuration": [
              {
                "certificate_arn": "arn:aws:acm:us-east-1:465562607938:certificate/40f69faf-a626-4ab2-8d8a-ee45e64aa741",
                "endpoint_type": "REGIONAL",
                "hosted_zone_id": "Z1UJRXOUMOOFQ8",
                "security_policy": "TLS_1_2",
                "target_domain_name": "d-ae6wy07u83.execute-api.us-east-1.amazonaws.com"
              }
            ],
            "id": "gateway.thorney.me",
            "mutual_tls_authentication": [],
            "tags": {},
            "tags_all": {},
            "timeouts": null
          },
          "private": "eyJlMmJmYjczMC1lY2FhLTExZTYtOGY4OC0zNDM2M2JjN2M0YzAiOnsiY3JlYXRlIjo2MDAwMDAwMDAwMDAsInVwZGF0ZSI6MzYwMDAwMDAwMDAwMH19",
          "dependencies": [
            "aws_acm_certificate.cert"
          ]
        }
      ]
    },
    {
      "mode": "managed",
      "type": "aws_apigatewayv2_integration",
      "name": "api_integration_map",
      "provider": "provider[\"registry.terraform.io/hashicorp/aws\"]",
      "instances": [
        {
          "schema_version": 0,
          "attributes": {
            "api_id": "3b83e40z07",
            "connection_id": "",
            "connection_type": "INTERNET",
            "content_handling_strategy": "",
            "credentials_arn": "",
            "description": "",
            "id": "6tz3w13",
            "integration_method": "POST",
            "integration_response_selection_expression": "",
            "integration_subtype": "",
            "integration_type": "HTTP_PROXY",
            "integration_uri": "https://gateway.homes.co.nz/map/dots",
            "passthrough_behavior": "",
            "payload_format_version": "1.0",
            "request_parameters": {},
            "request_templates": {},
            "response_parameters": [],
            "template_selection_expression": "",
            "timeout_milliseconds": 30000,
            "tls_config": []
          },
          "private": "eyJzY2hlbWFfdmVyc2lvbiI6IjAifQ==",
          "dependencies": [
            "aws_apigatewayv2_api.api"
          ]
        }
      ]
    },
    {
      "mode": "managed",
      "type": "aws_apigatewayv2_integration",
      "name": "api_integration_plan",
      "provider": "provider[\"registry.terraform.io/hashicorp/aws\"]",
      "instances": [
        {
          "schema_version": 0,
          "attributes": {
            "api_id": "3b83e40z07",
            "connection_id": "",
            "connection_type": "INTERNET",
            "content_handling_strategy": "",
            "credentials_arn": "",
            "description": "",
            "id": "erekqmc",
            "integration_method": "GET",
            "integration_response_selection_expression": "",
            "integration_subtype": "",
            "integration_type": "HTTP_PROXY",
            "integration_uri": "https://api.at.govt.nz/journeyplanner/v2/plan",
            "passthrough_behavior": "",
            "payload_format_version": "1.0",
            "request_parameters": {},
            "request_templates": {},
            "response_parameters": [],
            "template_selection_expression": "",
            "timeout_milliseconds": 30000,
            "tls_config": []
          },
          "private": "eyJzY2hlbWFfdmVyc2lvbiI6IjAifQ==",
          "dependencies": [
            "aws_apigatewayv2_api.api"
          ]
        }
      ]
    },
    {
      "mode": "managed",
      "type": "aws_apigatewayv2_integration",
      "name": "api_integration_property",
      "provider": "provider[\"registry.terraform.io/hashicorp/aws\"]",
      "instances": [
        {
          "schema_version": 0,
          "attributes": {
            "api_id": "3b83e40z07",
            "connection_id": "",
            "connection_type": "INTERNET",
            "content_handling_strategy": "",
            "credentials_arn": "",
            "description": "",
            "id": "bcxq7e9",
            "integration_method": "GET",
            "integration_response_selection_expression": "",
            "integration_subtype": "",
            "integration_type": "HTTP_PROXY",
            "integration_uri": "https://gateway.homes.co.nz/property",
            "passthrough_behavior": "",
            "payload_format_version": "1.0",
            "request_parameters": {},
            "request_templates": {},
            "response_parameters": [],
            "template_selection_expression": "",
            "timeout_milliseconds": 30000,
            "tls_config": []
          },
          "private": "eyJzY2hlbWFfdmVyc2lvbiI6IjAifQ==",
          "dependencies": [
            "aws_apigatewayv2_api.api"
          ]
        }
      ]
    },
    {
      "mode": "managed",
      "type": "aws_apigatewayv2_integration",
      "name": "api_integration_search",
      "provider": "provider[\"registry.terraform.io/hashicorp/aws\"]",
      "instances": [
        {
          "schema_version": 0,
          "attributes": {
            "api_id": "3b83e40z07",
            "connection_id": "",
            "connection_type": "INTERNET",
            "content_handling_strategy": "",
            "credentials_arn": "",
            "description": "",
            "id": "d26s5vg",
            "integration_method": "GET",
            "integration_response_selection_expression": "",
            "integration_subtype": "",
            "integration_type": "HTTP_PROXY",
            "integration_uri": "https://gateway.homes.co.nz/address/search",
            "passthrough_behavior": "",
            "payload_format_version": "1.0",
            "request_parameters": null,
            "request_templates": null,
            "response_parameters": [],
            "template_selection_expression": "",
            "timeout_milliseconds": 30000,
            "tls_config": []
          },
          "private": "bnVsbA==",
          "dependencies": [
            "aws_apigatewayv2_api.api"
          ]
        }
      ]
    },
    {
      "mode": "managed",
      "type": "aws_apigatewayv2_integration",
      "name": "get_user_api_integration",
      "provider": "provider[\"registry.terraform.io/hashicorp/aws\"]",
      "instances": [
        {
          "schema_version": 0,
          "attributes": {
            "api_id": "3b83e40z07",
            "connection_id": "",
            "connection_type": "INTERNET",
            "content_handling_strategy": "",
            "credentials_arn": "",
            "description": "Get user details Lambda",
            "id": "a084ar6",
            "integration_method": "POST",
            "integration_response_selection_expression": "",
            "integration_subtype": "",
            "integration_type": "AWS_PROXY",
            "integration_uri": "arn:aws:apigateway:us-east-1:lambda:path/2015-03-31/functions/arn:aws:lambda:us-east-1:465562607938:function:get-user/invocations",
            "passthrough_behavior": "",
            "payload_format_version": "1.0",
            "request_parameters": {},
            "request_templates": {},
            "response_parameters": [],
            "template_selection_expression": "",
            "timeout_milliseconds": 30000,
            "tls_config": []
          },
          "private": "bnVsbA==",
          "dependencies": [
            "aws_apigatewayv2_api.api",
            "aws_dynamodb_table.homes-table",
            "aws_iam_role.lambda_iam",
            "aws_lambda_function.get_user",
            "data.archive_file.get_user_package",
            "null_resource.get_user_install_dependencies"
          ]
        }
      ]
    },
    {
      "mode": "managed",
      "type": "aws_apigatewayv2_route",
      "name": "api_route_map",
      "provider": "provider[\"registry.terraform.io/hashicorp/aws\"]",
      "instances": [
        {
          "schema_version": 0,
          "attributes": {
            "api_id": "3b83e40z07",
            "api_key_required": false,
            "authorization_scopes": [],
            "authorization_type": "NONE",
            "authorizer_id": "",
            "id": "eqe8fte",
            "model_selection_expression": "",
            "operation_name": "",
            "request_models": {},
            "request_parameter": [],
            "route_key": "POST /map",
            "route_response_selection_expression": "",
            "target": "integrations/6tz3w13"
          },
          "private": "eyJzY2hlbWFfdmVyc2lvbiI6IjAifQ==",
          "dependencies": [
            "aws_apigatewayv2_api.api",
            "aws_apigatewayv2_integration.api_integration_map"
          ]
        }
      ]
    },
    {
      "mode": "managed",
      "type": "aws_apigatewayv2_route",
      "name": "api_route_plan",
      "provider": "provider[\"registry.terraform.io/hashicorp/aws\"]",
      "instances": [
        {
          "schema_version": 0,
          "attributes": {
            "api_id": "3b83e40z07",
            "api_key_required": false,
            "authorization_scopes": [],
            "authorization_type": "NONE",
            "authorizer_id": "",
            "id": "1m2fdjf",
            "model_selection_expression": "",
            "operation_name": "",
            "request_models": {},
            "request_parameter": [],
            "route_key": "GET /plan",
            "route_response_selection_expression": "",
            "target": "integrations/erekqmc"
          },
          "private": "eyJzY2hlbWFfdmVyc2lvbiI6IjAifQ==",
          "dependencies": [
            "aws_apigatewayv2_api.api",
            "aws_apigatewayv2_integration.api_integration_plan"
          ]
        }
      ]
    },
    {
      "mode": "managed",
      "type": "aws_apigatewayv2_route",
      "name": "api_route_property",
      "provider": "provider[\"registry.terraform.io/hashicorp/aws\"]",
      "instances": [
        {
          "schema_version": 0,
          "attributes": {
            "api_id": "3b83e40z07",
            "api_key_required": false,
            "authorization_scopes": [],
            "authorization_type": "NONE",
            "authorizer_id": "",
            "id": "nlncnks",
            "model_selection_expression": "",
            "operation_name": "",
            "request_models": {},
            "request_parameter": [],
            "route_key": "GET /property",
            "route_response_selection_expression": "",
            "target": "integrations/bcxq7e9"
          },
          "private": "eyJzY2hlbWFfdmVyc2lvbiI6IjAifQ==",
          "dependencies": [
            "aws_apigatewayv2_api.api",
            "aws_apigatewayv2_integration.api_integration_property"
          ]
        }
      ]
    },
    {
      "mode": "managed",
      "type": "aws_apigatewayv2_route",
      "name": "api_route_search",
      "provider": "provider[\"registry.terraform.io/hashicorp/aws\"]",
      "instances": [
        {
          "schema_version": 0,
          "attributes": {
            "api_id": "3b83e40z07",
            "api_key_required": false,
            "authorization_scopes": null,
            "authorization_type": "NONE",
            "authorizer_id": "",
            "id": "9p101vm",
            "model_selection_expression": "",
            "operation_name": "",
            "request_models": null,
            "request_parameter": [],
            "route_key": "GET /search",
            "route_response_selection_expression": "",
            "target": "integrations/d26s5vg"
          },
          "private": "bnVsbA==",
          "dependencies": [
            "aws_apigatewayv2_api.api",
            "aws_apigatewayv2_integration.api_integration_search"
          ]
        }
      ]
    },
    {
      "mode": "managed",
      "type": "aws_apigatewayv2_route",
      "name": "get_user_api_route",
      "provider": "provider[\"registry.terraform.io/hashicorp/aws\"]",
      "instances": [
        {
          "schema_version": 0,
          "attributes": {
            "api_id": "3b83e40z07",
            "api_key_required": false,
            "authorization_scopes": [],
            "authorization_type": "NONE",
            "authorizer_id": "",
            "id": "adnoaki",
            "model_selection_expression": "",
            "operation_name": "",
            "request_models": {},
            "request_parameter": [],
            "route_key": "GET /users",
            "route_response_selection_expression": "",
            "target": "integrations/a084ar6"
          },
          "private": "bnVsbA==",
          "dependencies": [
            "aws_apigatewayv2_api.api",
            "aws_apigatewayv2_integration.get_user_api_integration",
            "aws_dynamodb_table.homes-table",
            "aws_iam_role.lambda_iam",
            "aws_lambda_function.get_user",
            "data.archive_file.get_user_package",
            "null_resource.get_user_install_dependencies"
          ]
        }
      ]
    },
    {
      "mode": "managed",
      "type": "aws_apigatewayv2_stage",
      "name": "api_stage",
      "provider": "provider[\"registry.terraform.io/hashicorp/aws\"]",
      "instances": [
        {
          "schema_version": 0,
          "attributes": {
            "access_log_settings": [],
            "api_id": "3b83e40z07",
            "arn": "arn:aws:apigateway:us-east-1::/apis/3b83e40z07/stages/prod",
            "auto_deploy": true,
            "client_certificate_id": "",
            "default_route_settings": [
              {
                "data_trace_enabled": false,
                "detailed_metrics_enabled": false,
                "logging_level": "",
                "throttling_burst_limit": 10,
                "throttling_rate_limit": 100
              }
            ],
            "deployment_id": "sw0scx",
            "description": "",
            "execution_arn": "arn:aws:execute-api:us-east-1:465562607938:3b83e40z07/prod",
            "id": "prod",
            "invoke_url": "https://3b83e40z07.execute-api.us-east-1.amazonaws.com/prod",
            "name": "prod",
            "route_settings": [],
            "stage_variables": {},
            "tags": {},
            "tags_all": {}
          },
          "private": "bnVsbA==",
          "dependencies": [
            "aws_apigatewayv2_api.api"
          ]
        }
      ]
    },
    {
      "mode": "managed",
      "type": "aws_cloudfront_distribution",
      "name": "home_distribution",
      "provider": "provider[\"registry.terraform.io/hashicorp/aws\"]",
      "instances": [
        {
          "schema_version": 1,
          "attributes": {
            "aliases": [
              "thorney.me",
              "www.thorney.me"
            ],
            "arn": "arn:aws:cloudfront::465562607938:distribution/E9K8XWSR4VBK",
            "caller_reference": "terraform-20201107030246391500000002",
            "comment": null,
            "custom_error_response": [
              {
                "error_caching_min_ttl": 0,
                "error_code": 404,
                "response_code": 200,
                "response_page_path": "/index.html"
              }
            ],
            "default_cache_behavior": [
              {
                "allowed_methods": [
                  "GET",
                  "HEAD",
                  "OPTIONS"
                ],
                "cache_policy_id": "",
                "cached_methods": [
                  "GET",
                  "HEAD"
                ],
                "compress": false,
                "default_ttl": 300,
                "field_level_encryption_id": "",
                "forwarded_values": [
                  {
                    "cookies": [
                      {
                        "forward": "none",
                        "whitelisted_names": []
                      }
                    ],
                    "headers": [],
                    "query_string": false,
                    "query_string_cache_keys": []
                  }
                ],
                "lambda_function_association": [],
                "max_ttl": 86400,
                "min_ttl": 0,
                "origin_request_policy_id": "",
                "realtime_log_config_arn": "",
                "smooth_streaming": false,
                "target_origin_id": "home-website",
                "trusted_key_groups": [],
                "trusted_signers": [],
                "viewer_protocol_policy": "redirect-to-https"
              }
            ],
            "default_root_object": "index.html",
            "domain_name": "d3770bvj0oanan.cloudfront.net",
            "enabled": true,
            "etag": "E3TL0GQ7M8NYWJ",
            "hosted_zone_id": "Z2FDTNDATAQYW2",
            "http_version": "http2",
            "id": "E9K8XWSR4VBK",
            "in_progress_validation_batches": 0,
            "is_ipv6_enabled": false,
            "last_modified_time": "2021-05-14 11:35:48.937 +0000 UTC",
            "logging_config": [],
            "ordered_cache_behavior": [],
            "origin": [
              {
                "custom_header": [],
                "custom_origin_config": [
                  {
                    "http_port": 80,
                    "https_port": 443,
                    "origin_keepalive_timeout": 5,
                    "origin_protocol_policy": "http-only",
                    "origin_read_timeout": 30,
                    "origin_ssl_protocols": [
                      "TLSv1",
                      "TLSv1.1",
                      "TLSv1.2"
                    ]
                  }
                ],
                "domain_name": "api.thorney.me",
                "origin_id": "home-website",
                "origin_path": "",
                "s3_origin_config": []
              }
            ],
            "origin_group": [],
            "price_class": "PriceClass_All",
            "restrictions": [
              {
                "geo_restriction": [
                  {
                    "locations": [
                      "NZ"
                    ],
                    "restriction_type": "whitelist"
                  }
                ]
              }
            ],
            "retain_on_delete": false,
            "status": "Deployed",
            "tags": {},
            "tags_all": {},
            "trusted_key_groups": [
              {
                "enabled": false,
                "items": []
              }
            ],
            "trusted_signers": [
              {
                "enabled": false,
                "items": []
              }
            ],
            "viewer_certificate": [
              {
                "acm_certificate_arn": "arn:aws:acm:us-east-1:465562607938:certificate/40f69faf-a626-4ab2-8d8a-ee45e64aa741",
                "cloudfront_default_certificate": false,
                "iam_certificate_id": "",
                "minimum_protocol_version": "TLSv1",
                "ssl_support_method": "sni-only"
              }
            ],
            "wait_for_deployment": true,
            "web_acl_id": ""
          },
          "private": "eyJzY2hlbWFfdmVyc2lvbiI6IjEifQ==",
          "dependencies": [
            "aws_acm_certificate.cert"
          ]
        }
      ]
    },
    {
      "mode": "managed",
      "type": "aws_dynamodb_table",
      "name": "homes-table",
      "provider": "provider[\"registry.terraform.io/hashicorp/aws\"]",
      "instances": [
        {
          "schema_version": 1,
          "attributes": {
            "arn": "arn:aws:dynamodb:us-east-1:465562607938:table/Homes",
            "attribute": [
              {
                "name": "Email",
                "type": "S"
              },
              {
                "name": "SharedHouseId",
                "type": "S"
              }
            ],
            "billing_mode": "PAY_PER_REQUEST",
            "global_secondary_index": [
              {
                "hash_key": "SharedHouseId",
                "name": "SharedHouseIndex",
                "non_key_attributes": [],
                "projection_type": "KEYS_ONLY",
                "range_key": "Email",
                "read_capacity": 0,
                "write_capacity": 0
              }
            ],
            "hash_key": "Email",
            "id": "Homes",
            "local_secondary_index": [],
            "name": "Homes",
            "point_in_time_recovery": [
              {
                "enabled": false
              }
            ],
            "range_key": "SharedHouseId",
            "read_capacity": 0,
            "replica": [],
            "server_side_encryption": [],
            "stream_arn": "",
            "stream_enabled": false,
            "stream_label": "",
            "stream_view_type": "",
            "tags": {},
            "tags_all": {},
            "timeouts": null,
            "ttl": [
              {
                "attribute_name": "",
                "enabled": false,
                "kms_key_arn": ""
              }
            ],
            "write_capacity": 0
          },
          "private": "eyJlMmJmYjczMC1lY2FhLTExZTYtOGY4OC0zNDM2M2JjN2M0YzAiOnsiY3JlYXRlIjo2MDAwMDAwMDAwMDAsImRlbGV0ZSI6NjAwMDAwMDAwMDAwLCJ1cGRhdGUiOjM2MDAwMDAwMDAwMDB9LCJzY2hlbWFfdmVyc2lvbiI6IjEifQ=="
        }
      ]
    },
    {
      "mode": "managed",
      "type": "aws_route53_record",
      "name": "api",
      "provider": "provider[\"registry.terraform.io/hashicorp/aws\"]",
      "instances": [
        {
          "schema_version": 2,
          "attributes": {
            "alias": [],
            "allow_overwrite": null,
            "failover_routing_policy": [],
            "fqdn": "api.thorney.me",
            "geolocation_routing_policy": [],
            "health_check_id": "",
            "id": "Z03884901QXJL6DXUPELK_api.thorney.me_A",
            "latency_routing_policy": [],
            "multivalue_answer_routing_policy": null,
            "name": "api.thorney.me",
            "records": [
              "122.57.159.132"
            ],
            "set_identifier": "",
            "ttl": 300,
            "type": "A",
            "weighted_routing_policy": [],
            "zone_id": "Z03884901QXJL6DXUPELK"
          },
          "private": "eyJzY2hlbWFfdmVyc2lvbiI6IjIifQ==",
          "dependencies": [
            "aws_route53_zone.zone"
          ]
        }
      ]
    },
    {
      "mode": "managed",
      "type": "aws_route53_record",
      "name": "cert_record",
      "provider": "provider[\"registry.terraform.io/hashicorp/aws\"]",
      "instances": [
        {
          "schema_version": 2,
          "attributes": {
            "alias": [],
            "allow_overwrite": null,
            "failover_routing_policy": [],
            "fqdn": "_cc73dd32944bd829fac0dc65e8e6c020.thorney.me",
            "geolocation_routing_policy": [],
            "health_check_id": "",
            "id": "Z03884901QXJL6DXUPELK__cc73dd32944bd829fac0dc65e8e6c020.thorney.me._CNAME",
            "latency_routing_policy": [],
            "multivalue_answer_routing_policy": null,
            "name": "_cc73dd32944bd829fac0dc65e8e6c020.thorney.me",
            "records": [
              "_488dc10280f896899b2e4bdaa656b0aa.zbkrxsrfvj.acm-validations.aws."
            ],
            "set_identifier": "",
            "ttl": 60,
            "type": "CNAME",
            "weighted_routing_policy": [],
            "zone_id": "Z03884901QXJL6DXUPELK"
          },
          "private": "eyJzY2hlbWFfdmVyc2lvbiI6IjIifQ==",
          "dependencies": [
            "aws_acm_certificate.cert",
            "aws_route53_zone.zone"
          ]
        }
      ]
    },
    {
      "mode": "managed",
      "type": "aws_route53_record",
      "name": "cloudfront_domain",
      "provider": "provider[\"registry.terraform.io/hashicorp/aws\"]",
      "instances": [
        {
          "schema_version": 2,
          "attributes": {
            "alias": [
              {
                "evaluate_target_health": false,
                "name": "d3770bvj0oanan.cloudfront.net",
                "zone_id": "Z2FDTNDATAQYW2"
              }
            ],
            "allow_overwrite": null,
            "failover_routing_policy": [],
            "fqdn": "thorney.me",
            "geolocation_routing_policy": [],
            "health_check_id": "",
            "id": "Z03884901QXJL6DXUPELK_thorney.me_A",
            "latency_routing_policy": [],
            "multivalue_answer_routing_policy": null,
            "name": "thorney.me",
            "records": [],
            "set_identifier": "",
            "ttl": 0,
            "type": "A",
            "weighted_routing_policy": [],
            "zone_id": "Z03884901QXJL6DXUPELK"
          },
          "private": "eyJzY2hlbWFfdmVyc2lvbiI6IjIifQ==",
          "dependencies": [
            "aws_acm_certificate.cert",
            "aws_cloudfront_distribution.home_distribution",
            "aws_route53_zone.zone"
          ]
        }
      ]
    },
    {
      "mode": "managed",
      "type": "aws_route53_record",
      "name": "gateway",
      "provider": "provider[\"registry.terraform.io/hashicorp/aws\"]",
      "instances": [
        {
          "schema_version": 2,
          "attributes": {
            "alias": [
              {
                "evaluate_target_health": false,
                "name": "d-ae6wy07u83.execute-api.us-east-1.amazonaws.com",
                "zone_id": "Z1UJRXOUMOOFQ8"
              }
            ],
            "allow_overwrite": null,
            "failover_routing_policy": [],
            "fqdn": "gateway.thorney.me",
            "geolocation_routing_policy": [],
            "health_check_id": "",
            "id": "Z03884901QXJL6DXUPELK_gateway.thorney.me_A",
            "latency_routing_policy": [],
            "multivalue_answer_routing_policy": null,
            "name": "gateway.thorney.me",
            "records": [],
            "set_identifier": "",
            "ttl": 0,
            "type": "A",
            "weighted_routing_policy": [],
            "zone_id": "Z03884901QXJL6DXUPELK"
          },
          "private": "eyJzY2hlbWFfdmVyc2lvbiI6IjIifQ==",
          "dependencies": [
            "aws_acm_certificate.cert",
            "aws_apigatewayv2_domain_name.api_domain",
            "aws_route53_zone.zone"
          ]
        }
      ]
    },
    {
      "mode": "managed",
      "type": "aws_route53_record",
      "name": "www",
      "provider": "provider[\"registry.terraform.io/hashicorp/aws\"]",
      "instances": [
        {
          "schema_version": 2,
          "attributes": {
            "alias": [
              {
                "evaluate_target_health": false,
                "name": "d3770bvj0oanan.cloudfront.net",
                "zone_id": "Z2FDTNDATAQYW2"
              }
            ],
            "allow_overwrite": null,
            "failover_routing_policy": [],
            "fqdn": "www.thorney.me",
            "geolocation_routing_policy": [],
            "health_check_id": "",
            "id": "Z03884901QXJL6DXUPELK_www.thorney.me_A",
            "latency_routing_policy": [],
            "multivalue_answer_routing_policy": null,
            "name": "www.thorney.me",
            "records": [],
            "set_identifier": "",
            "ttl": 0,
            "type": "A",
            "weighted_routing_policy": [],
            "zone_id": "Z03884901QXJL6DXUPELK"
          },
          "private": "eyJzY2hlbWFfdmVyc2lvbiI6IjIifQ==",
          "dependencies": [
            "aws_cloudfront_distribution.home_distribution",
            "aws_route53_zone.zone"
          ]
        }
      ]
    },
    {
      "mode": "managed",
      "type": "aws_route53_zone",
      "name": "zone",
      "provider": "provider[\"registry.terraform.io/hashicorp/aws\"]",
      "instances": [
        {
          "schema_version": 0,
          "attributes": {
            "comment": "Managed by Terraform",
            "delegation_set_id": "",
            "force_destroy": false,
            "id": "Z03884901QXJL6DXUPELK",
            "name": "thorney.me",
            "name_servers": [
              "ns-1013.awsdns-62.net",
              "ns-1059.awsdns-04.org",
              "ns-113.awsdns-14.com",
              "ns-1630.awsdns-11.co.uk"
            ],
            "tags": {},
            "tags_all": {},
            "vpc": [],
            "zone_id": "Z03884901QXJL6DXUPELK"
          },
          "private": "bnVsbA=="
        }
      ]
    },
    {
      "module": "module.get_user_lambda",
      "mode": "data",
      "type": "aws_iam_policy_document",
      "name": "additional_inline",
      "provider": "provider[\"registry.terraform.io/hashicorp/aws\"]",
      "instances": [
        {
          "index_key": 0,
          "schema_version": 0,
          "attributes": {
            "id": "3987129173",
            "json": "{\n  \"Version\": \"2012-10-17\",\n  \"Statement\": [\n    {\n      \"Sid\": \"dynamodb\",\n      \"Effect\": \"Allow\",\n      \"Action\": \"dynamodb:*\",\n      \"Resource\": \"arn:aws:dynamodb:us-east-1:465562607938:table/Homes\"\n    }\n  ]\n}",
            "override_json": null,
            "override_policy_documents": null,
            "policy_id": null,
            "source_json": null,
            "source_policy_documents": null,
            "statement": [
              {
                "actions": [
                  "dynamodb:*"
                ],
                "condition": [],
                "effect": "Allow",
                "not_actions": [],
                "not_principals": [],
                "not_resources": [],
                "principals": [],
                "resources": [
                  "arn:aws:dynamodb:us-east-1:465562607938:table/Homes"
                ],
                "sid": "dynamodb"
              }
            ],
            "version": "2012-10-17"
          }
        }
      ]
    },
    {
      "module": "module.get_user_lambda",
      "mode": "data",
      "type": "aws_iam_policy_document",
      "name": "assume_role",
      "provider": "provider[\"registry.terraform.io/hashicorp/aws\"]",
      "instances": [
        {
          "index_key": 0,
          "schema_version": 0,
          "attributes": {
            "id": "3693445097",
            "json": "{\n  \"Version\": \"2012-10-17\",\n  \"Statement\": [\n    {\n      \"Sid\": \"\",\n      \"Effect\": \"Allow\",\n      \"Action\": \"sts:AssumeRole\",\n      \"Principal\": {\n        \"Service\": \"lambda.amazonaws.com\"\n      }\n    }\n  ]\n}",
            "override_json": null,
            "override_policy_documents": null,
            "policy_id": null,
            "source_json": null,
            "source_policy_documents": null,
            "statement": [
              {
                "actions": [
                  "sts:AssumeRole"
                ],
                "condition": [],
                "effect": "Allow",
                "not_actions": [],
                "not_principals": [],
                "not_resources": [],
                "principals": [
                  {
                    "identifiers": [
                      "lambda.amazonaws.com"
                    ],
                    "type": "Service"
                  }
                ],
                "resources": [],
                "sid": ""
              }
            ],
            "version": "2012-10-17"
          }
        }
      ]
    },
    {
      "module": "module.get_user_lambda",
      "mode": "data",
      "type": "aws_iam_policy_document",
      "name": "logs",
      "provider": "provider[\"registry.terraform.io/hashicorp/aws\"]",
      "instances": [
        {
          "index_key": 0,
          "schema_version": 0,
          "attributes": {
            "id": "3701031937",
            "json": "{\n  \"Version\": \"2012-10-17\",\n  \"Statement\": [\n    {\n      \"Sid\": \"\",\n      \"Effect\": \"Allow\",\n      \"Action\": [\n        \"logs:PutLogEvents\",\n        \"logs:CreateLogStream\",\n        \"logs:CreateLogGroup\"\n      ],\n      \"Resource\": [\n        \"arn:aws:logs:us-east-1:465562607938:log-group:/aws/lambda/get-user:*:*\",\n        \"arn:aws:logs:us-east-1:465562607938:log-group:/aws/lambda/get-user:*\"\n      ]\n    }\n  ]\n}",
            "override_json": null,
            "override_policy_documents": null,
            "policy_id": null,
            "source_json": null,
            "source_policy_documents": null,
            "statement": [
              {
                "actions": [
                  "logs:CreateLogGroup",
                  "logs:CreateLogStream",
                  "logs:PutLogEvents"
                ],
                "condition": [],
                "effect": "Allow",
                "not_actions": [],
                "not_principals": [],
                "not_resources": [],
                "principals": [],
                "resources": [
                  "arn:aws:logs:us-east-1:465562607938:log-group:/aws/lambda/get-user:*",
                  "arn:aws:logs:us-east-1:465562607938:log-group:/aws/lambda/get-user:*:*"
                ],
                "sid": ""
              }
            ],
            "version": "2012-10-17"
          }
        }
      ]
    },
    {
      "module": "module.get_user_lambda",
      "mode": "data",
      "type": "external",
      "name": "archive_prepare",
      "provider": "provider[\"registry.terraform.io/hashicorp/external\"]",
      "instances": [
        {
          "index_key": 0,
          "schema_version": 0,
          "attributes": {
            "id": "-",
            "program": [
              "python3",
              ".terraform/modules/get_user_lambda/package.py",
              "prepare"
            ],
            "query": {
              "artifacts_dir": "builds",
              "hash_extra": "",
              "hash_extra_paths": "[]",
              "paths": "{\"cwd\":\"/home/james-thorne/GitHub/home/terraform\",\"module\":\".terraform/modules/get_user_lambda\",\"root\":\".\"}",
              "runtime": "python3.8",
              "source_path": "\"./lambda/get_user\""
            },
            "result": {
              "build_plan": "{\"filename\": \"builds/225e409e7c618fe0da40051897379bb9283fee9ba530cda5423fd7199e01affa.zip\", \"runtime\": \"python3.8\", \"artifacts_dir\": \"builds\", \"build_plan\": [[\"pip\", \"python3.8\", \"./lambda/get_user/requirements.txt\", null], [\"zip\", \"./lambda/get_user\", null]]}",
              "build_plan_filename": "builds/225e409e7c618fe0da40051897379bb9283fee9ba530cda5423fd7199e01affa.plan.json",
              "filename": "builds/225e409e7c618fe0da40051897379bb9283fee9ba530cda5423fd7199e01affa.zip",
              "timestamp": "1620987633186492000",
              "was_missing": "false"
            },
            "working_dir": null
          }
        }
      ]
    },
    {
      "module": "module.get_user_lambda",
      "mode": "managed",
      "type": "aws_cloudwatch_log_group",
      "name": "lambda",
      "provider": "provider[\"registry.terraform.io/hashicorp/aws\"]",
      "instances": [
        {
          "index_key": 0,
          "schema_version": 0,
          "attributes": {
            "arn": "arn:aws:logs:us-east-1:465562607938:log-group:/aws/lambda/get-user",
            "id": "/aws/lambda/get-user",
            "kms_key_id": "",
            "name": "/aws/lambda/get-user",
            "name_prefix": null,
            "retention_in_days": 0,
            "tags": {},
            "tags_all": {}
          },
          "private": "bnVsbA=="
        }
      ]
    },
    {
      "module": "module.get_user_lambda",
      "mode": "managed",
      "type": "aws_iam_policy",
      "name": "additional_inline",
      "provider": "provider[\"registry.terraform.io/hashicorp/aws\"]",
      "instances": [
        {
          "index_key": 0,
          "schema_version": 0,
          "attributes": {
            "arn": "arn:aws:iam::465562607938:policy/get-user-inline",
            "description": "",
            "id": "arn:aws:iam::465562607938:policy/get-user-inline",
            "name": "get-user-inline",
            "name_prefix": null,
            "path": "/",
            "policy": "{\n  \"Version\": \"2012-10-17\",\n  \"Statement\": [\n    {\n      \"Sid\": \"dynamodb\",\n      \"Effect\": \"Allow\",\n      \"Action\": \"dynamodb:*\",\n      \"Resource\": \"arn:aws:dynamodb:us-east-1:465562607938:table/Homes\"\n    }\n  ]\n}",
            "policy_id": "ANPAWYZNRUFBKWMXDOBGY",
            "tags": {},
            "tags_all": {}
          },
          "private": "bnVsbA==",
          "dependencies": [
            "module.get_user_lambda.data.aws_iam_policy_document.additional_inline"
          ]
        }
      ]
    },
    {
      "module": "module.get_user_lambda",
      "mode": "managed",
      "type": "aws_iam_policy",
      "name": "logs",
      "provider": "provider[\"registry.terraform.io/hashicorp/aws\"]",
      "instances": [
        {
          "index_key": 0,
          "schema_version": 0,
          "attributes": {
            "arn": "arn:aws:iam::465562607938:policy/get-user-logs",
            "description": "",
            "id": "arn:aws:iam::465562607938:policy/get-user-logs",
            "name": "get-user-logs",
            "name_prefix": null,
            "path": "/",
            "policy": "{\n  \"Version\": \"2012-10-17\",\n  \"Statement\": [\n    {\n      \"Sid\": \"\",\n      \"Effect\": \"Allow\",\n      \"Action\": [\n        \"logs:PutLogEvents\",\n        \"logs:CreateLogStream\",\n        \"logs:CreateLogGroup\"\n      ],\n      \"Resource\": [\n        \"arn:aws:logs:us-east-1:465562607938:log-group:/aws/lambda/get-user:*:*\",\n        \"arn:aws:logs:us-east-1:465562607938:log-group:/aws/lambda/get-user:*\"\n      ]\n    }\n  ]\n}",
            "policy_id": "ANPAWYZNRUFBAOQHQEAP5",
            "tags": {},
            "tags_all": {}
          },
          "private": "bnVsbA==",
          "dependencies": [
            "module.get_user_lambda.aws_cloudwatch_log_group.lambda",
            "module.get_user_lambda.data.aws_arn.log_group_arn",
            "module.get_user_lambda.data.aws_cloudwatch_log_group.lambda",
            "module.get_user_lambda.data.aws_iam_policy_document.logs"
          ]
        }
      ]
    },
    {
      "module": "module.get_user_lambda",
      "mode": "managed",
      "type": "aws_iam_policy_attachment",
      "name": "additional_inline",
      "provider": "provider[\"registry.terraform.io/hashicorp/aws\"]",
      "instances": [
        {
          "index_key": 0,
          "schema_version": 0,
          "attributes": {
            "groups": [],
            "id": "get-user",
            "name": "get-user",
            "policy_arn": "arn:aws:iam::465562607938:policy/get-user-inline",
            "roles": [
              "get-user"
            ],
            "users": []
          },
          "private": "bnVsbA==",
          "dependencies": [
            "module.get_user_lambda.aws_iam_policy.additional_inline",
            "module.get_user_lambda.aws_iam_role.lambda",
            "module.get_user_lambda.data.aws_iam_policy_document.additional_inline"
          ]
        }
      ]
    },
    {
      "module": "module.get_user_lambda",
      "mode": "managed",
      "type": "aws_iam_policy_attachment",
      "name": "logs",
      "provider": "provider[\"registry.terraform.io/hashicorp/aws\"]",
      "instances": [
        {
          "index_key": 0,
          "schema_version": 0,
          "attributes": {
            "groups": [],
            "id": "get-user-logs",
            "name": "get-user-logs",
            "policy_arn": "arn:aws:iam::465562607938:policy/get-user-logs",
            "roles": [
              "get-user"
            ],
            "users": []
          },
          "private": "bnVsbA==",
          "dependencies": [
            "module.get_user_lambda.aws_cloudwatch_log_group.lambda",
            "module.get_user_lambda.aws_iam_policy.logs",
            "module.get_user_lambda.aws_iam_role.lambda",
            "module.get_user_lambda.data.aws_arn.log_group_arn",
            "module.get_user_lambda.data.aws_cloudwatch_log_group.lambda",
            "module.get_user_lambda.data.aws_iam_policy_document.assume_role",
            "module.get_user_lambda.data.aws_iam_policy_document.logs"
          ]
        }
      ]
    },
    {
      "module": "module.get_user_lambda",
      "mode": "managed",
      "type": "aws_iam_role",
      "name": "lambda",
      "provider": "provider[\"registry.terraform.io/hashicorp/aws\"]",
      "instances": [
        {
          "index_key": 0,
          "schema_version": 0,
          "attributes": {
            "arn": "arn:aws:iam::465562607938:role/get-user",
            "assume_role_policy": "{\"Version\":\"2012-10-17\",\"Statement\":[{\"Sid\":\"\",\"Effect\":\"Allow\",\"Principal\":{\"Service\":\"lambda.amazonaws.com\"},\"Action\":\"sts:AssumeRole\"}]}",
            "create_date": "2021-05-14T09:41:06Z",
            "description": "",
            "force_detach_policies": true,
            "id": "get-user",
            "inline_policy": [
              {
                "name": "",
                "policy": ""
              }
            ],
            "managed_policy_arns": [
              "arn:aws:iam::465562607938:policy/get-user-inline",
              "arn:aws:iam::465562607938:policy/get-user-logs"
            ],
            "max_session_duration": 3600,
            "name": "get-user",
            "name_prefix": null,
            "path": "/",
            "permissions_boundary": null,
            "tags": {},
            "tags_all": {},
            "unique_id": "AROAWYZNRUFBHXXU4VWYF"
          },
          "private": "bnVsbA==",
          "dependencies": [
            "module.get_user_lambda.data.aws_iam_policy_document.assume_role"
          ]
        }
      ]
    },
    {
      "module": "module.get_user_lambda",
      "mode": "managed",
      "type": "aws_lambda_function",
      "name": "this",
      "provider": "provider[\"registry.terraform.io/hashicorp/aws\"]",
      "instances": [
        {
          "index_key": 0,
          "schema_version": 0,
          "attributes": {
            "arn": "arn:aws:lambda:us-east-1:465562607938:function:get-user",
            "code_signing_config_arn": "",
            "dead_letter_config": [],
            "description": "",
            "environment": [],
            "file_system_config": [],
            "filename": "builds/225e409e7c618fe0da40051897379bb9283fee9ba530cda5423fd7199e01affa.zip",
            "function_name": "get-user",
            "handler": "lambda_function.main",
            "id": "get-user",
            "image_config": [],
            "image_uri": "",
            "invoke_arn": "arn:aws:apigateway:us-east-1:lambda:path/2015-03-31/functions/arn:aws:lambda:us-east-1:465562607938:function:get-user/invocations",
            "kms_key_arn": "",
            "last_modified": "2021-05-14T10:20:45.156+0000",
            "layers": [],
            "memory_size": 128,
            "package_type": "Zip",
            "publish": true,
            "qualified_arn": "arn:aws:lambda:us-east-1:465562607938:function:get-user:5",
            "reserved_concurrent_executions": 10,
            "role": "arn:aws:iam::465562607938:role/get-user",
            "runtime": "python3.8",
            "s3_bucket": null,
            "s3_key": null,
            "s3_object_version": null,
            "signing_job_arn": "",
            "signing_profile_version_arn": "",
            "source_code_hash": "MafM582Am7hpozem0igLHzLUI8HCf2Sw/HRHC/uLaAo=",
            "source_code_size": 139350,
            "tags": {},
            "tags_all": {},
            "timeout": 3,
            "timeouts": null,
            "tracing_config": [
              {
                "mode": "PassThrough"
              }
            ],
            "version": "5",
            "vpc_config": []
          },
          "private": "eyJlMmJmYjczMC1lY2FhLTExZTYtOGY4OC0zNDM2M2JjN2M0YzAiOnsiY3JlYXRlIjo2MDAwMDAwMDAwMDB9fQ==",
          "dependencies": [
            "module.get_user_lambda.aws_cloudwatch_log_group.lambda",
            "module.get_user_lambda.aws_iam_role.lambda",
            "module.get_user_lambda.aws_s3_bucket_object.lambda_package",
            "module.get_user_lambda.data.external.archive_prepare",
            "module.get_user_lambda.null_resource.archive"
          ]
        }
      ]
    },
    {
      "module": "module.get_user_lambda",
      "mode": "managed",
      "type": "aws_lambda_permission",
      "name": "current_version_triggers",
      "provider": "provider[\"registry.terraform.io/hashicorp/aws\"]",
      "instances": [
        {
          "index_key": "APIGatewayAny",
          "schema_version": 0,
          "attributes": {
            "action": "lambda:InvokeFunction",
            "event_source_token": null,
            "function_name": "get-user",
            "id": "APIGatewayAny",
            "principal": "apigateway.amazonaws.com",
            "qualifier": "5",
            "source_account": null,
            "source_arn": "arn:aws:execute-api:us-east-1:465562607938:3b83e40z07/*/*",
            "statement_id": "APIGatewayAny",
            "statement_id_prefix": null
          },
          "private": "bnVsbA==",
          "dependencies": [
            "aws_apigatewayv2_api.api",
            "module.get_user_lambda.aws_cloudwatch_log_group.lambda",
            "module.get_user_lambda.aws_iam_role.lambda",
            "module.get_user_lambda.aws_lambda_function.this",
            "module.get_user_lambda.aws_s3_bucket_object.lambda_package",
            "module.get_user_lambda.data.external.archive_prepare",
            "module.get_user_lambda.local_file.archive_plan",
            "module.get_user_lambda.null_resource.archive"
          ]
        }
      ]
    },
    {
      "module": "module.get_user_lambda",
      "mode": "managed",
      "type": "aws_lambda_permission",
      "name": "unqualified_alias_triggers",
      "provider": "provider[\"registry.terraform.io/hashicorp/aws\"]",
      "instances": [
        {
          "index_key": "APIGatewayAny",
          "schema_version": 0,
          "attributes": {
            "action": "lambda:InvokeFunction",
            "event_source_token": null,
            "function_name": "get-user",
            "id": "APIGatewayAny",
            "principal": "apigateway.amazonaws.com",
            "qualifier": "",
            "source_account": null,
            "source_arn": "arn:aws:execute-api:us-east-1:465562607938:3b83e40z07/*/*",
            "statement_id": "APIGatewayAny",
            "statement_id_prefix": null
          },
          "private": "bnVsbA==",
          "dependencies": [
            "aws_apigatewayv2_api.api",
            "module.get_user_lambda.aws_cloudwatch_log_group.lambda",
            "module.get_user_lambda.aws_iam_role.lambda",
            "module.get_user_lambda.aws_lambda_function.this",
            "module.get_user_lambda.aws_s3_bucket_object.lambda_package",
            "module.get_user_lambda.data.aws_iam_policy_document.assume_role",
            "module.get_user_lambda.data.external.archive_prepare",
            "module.get_user_lambda.local_file.archive_plan",
            "module.get_user_lambda.null_resource.archive"
          ]
        }
      ]
    },
    {
      "module": "module.get_user_lambda",
      "mode": "managed",
      "type": "local_file",
      "name": "archive_plan",
      "provider": "provider[\"registry.terraform.io/hashicorp/local\"]",
      "instances": [
        {
          "index_key": 0,
          "schema_version": 0,
          "attributes": {
            "content": "{\"filename\": \"builds/225e409e7c618fe0da40051897379bb9283fee9ba530cda5423fd7199e01affa.zip\", \"runtime\": \"python3.8\", \"artifacts_dir\": \"builds\", \"build_plan\": [[\"pip\", \"python3.8\", \"./lambda/get_user/requirements.txt\", null], [\"zip\", \"./lambda/get_user\", null]]}",
            "content_base64": null,
            "directory_permission": "0755",
            "file_permission": "0644",
            "filename": "builds/225e409e7c618fe0da40051897379bb9283fee9ba530cda5423fd7199e01affa.plan.json",
            "id": "cec33d3ced3643cbd60e0b15ef8bdedf0cb733cc",
            "sensitive_content": null,
            "source": null
          },
          "private": "bnVsbA==",
          "dependencies": [
            "module.get_user_lambda.data.external.archive_prepare"
          ]
        }
      ]
    },
    {
      "module": "module.get_user_lambda",
      "mode": "managed",
      "type": "null_resource",
      "name": "archive",
      "provider": "provider[\"registry.terraform.io/hashicorp/null\"]",
      "instances": [
        {
          "index_key": 0,
          "schema_version": 0,
          "attributes": {
            "id": "2582160574204531097",
            "triggers": {
              "filename": "builds/225e409e7c618fe0da40051897379bb9283fee9ba530cda5423fd7199e01affa.zip",
              "timestamp": "1620987633186492000"
            }
          },
          "private": "bnVsbA==",
          "dependencies": [
            "module.get_user_lambda.data.external.archive_prepare",
            "module.get_user_lambda.local_file.archive_plan"
          ]
        }
      ]
    }
  ]
}
